Microsoft Visual Studio Solution File, Format Version 12.00
# Visual Studio Version 17
VisualStudioVersion = 17.5.2.0
MinimumVisualStudioVersion = 10.0.40219.1
Project("{FAE04EC0-301F-11D3-BF4B-00C04F79EFBC}") = "NasaApodWeb", "NasaApodWeb.csproj", "{FF5772D9-FB4B-3CDE-CFAF-98469B4CD99B}"
EndProject
Global
	GlobalSection(SolutionConfigurationPlatforms) = preSolution
		Debug|Any CPU = Debug|Any CPU
		Release|Any CPU = Release|Any CPU
	EndGlobalSection
	GlobalSection(ProjectConfigurationPlatforms) = postSolution
		{FF5772D9-FB4B-3CDE-CFAF-98469B4CD99B}.Debug|Any CPU.ActiveCfg = Debug|Any CPU
		{FF5772D9-FB4B-3CDE-CFAF-98469B4CD99B}.Debug|Any CPU.Build.0 = Debug|Any CPU
		{FF5772D9-FB4B-3CDE-CFAF-98469B4CD99B}.Release|Any CPU.ActiveCfg = Release|Any CPU
		{FF5772D9-FB4B-3CDE-CFAF-98469B4CD99B}.Release|Any CPU.Build.0 = Release|Any CPU
	EndGlobalSection
	GlobalSection(SolutionProperties) = preSolution
		HideSolutionNode = FALSE
	EndGlobalSection
	GlobalSection(ExtensibilityGlobals) = postSolution
		SolutionGuid = {F2640809-4B64-4E30-AD20-2E3C7710E6F4}
	EndGlobalSection
EndGlobal
